{
  "version": 4,
  "terraform_version": "1.4.6",
  "serial": 6,
  "lineage": "7c5ee391-d445-22c0-9481-1ba3ff6799ed",
  "outputs": {},
  "resources": [
    {
      "module": "module.gke_cluster",
      "mode": "managed",
      "type": "google_container_cluster",
      "name": "this",
      "provider": "module.gke_cluster.provider[\"registry.terraform.io/hashicorp/google\"]",
      "instances": [
        {
          "schema_version": 1,
          "attributes": {
            "addons_config": [
              {
                "cloudrun_config": [],
                "config_connector_config": [],
                "dns_cache_config": [],
                "gce_persistent_disk_csi_driver_config": [
                  {
                    "enabled": true
                  }
                ],
                "gcp_filestore_csi_driver_config": [],
                "gke_backup_agent_config": [],
                "horizontal_pod_autoscaling": [],
                "http_load_balancing": [],
                "network_policy_config": [
                  {
                    "disabled": true
                  }
                ]
              }
            ],
            "authenticator_groups_config": [],
            "binary_authorization": [
              {
                "enabled": false,
                "evaluation_mode": ""
              }
            ],
            "cluster_autoscaling": [
              {
                "auto_provisioning_defaults": [],
                "enabled": false,
                "resource_limits": []
              }
            ],
            "cluster_ipv4_cidr": "10.0.0.0/14",
            "confidential_nodes": [],
            "cost_management_config": [],
            "database_encryption": [
              {
                "key_name": "",
                "state": "DECRYPTED"
              }
            ],
            "datapath_provider": "",
            "default_max_pods_per_node": null,
            "default_snat_status": [
              {
                "disabled": false
              }
            ],
            "description": "",
            "dns_config": [],
            "enable_autopilot": false,
            "enable_binary_authorization": false,
            "enable_intranode_visibility": false,
            "enable_kubernetes_alpha": false,
            "enable_l4_ilb_subsetting": false,
            "enable_legacy_abac": false,
            "enable_shielded_nodes": true,
            "enable_tpu": false,
            "endpoint": "34.134.158.119",
            "gateway_api_config": [],
            "id": "projects/spiritant/locations/us-central1-c/clusters/main",
            "initial_node_count": 2,
            "ip_allocation_policy": [],
            "label_fingerprint": "a9dc16a7",
            "location": "us-central1-c",
            "logging_config": [
              {
                "enable_components": [
                  "SYSTEM_COMPONENTS",
                  "WORKLOADS"
                ]
              }
            ],
            "logging_service": "logging.googleapis.com/kubernetes",
            "maintenance_policy": [],
            "master_auth": [
              {
                "client_certificate": "",
                "client_certificate_config": [
                  {
                    "issue_client_certificate": false
                  }
                ],
                "client_key": "",
                "cluster_ca_certificate": "LS0tLS1CRUdJTiBDRVJUSUZJQ0FURS0tLS0tCk1JSUVMVENDQXBXZ0F3SUJBZ0lSQUsvTkNUTDBnZldjNkVKMjJMN3p0STR3RFFZSktvWklodmNOQVFFTEJRQXcKTHpFdE1Dc0dBMVVFQXhNa09UUTFZekZrWW1ZdE1UaGtNUzAwWldOaUxUZzROVGd0TW1ReE16UTNNRFk1WWpNdwpNQ0FYRFRJek1EWXlNREV5TXpNMU5sb1lEekl3TlRNd05qRXlNVE16TXpVMldqQXZNUzB3S3dZRFZRUURFeVE1Ck5EVmpNV1JpWmkweE9HUXhMVFJsWTJJdE9EZzFPQzB5WkRFek5EY3dOamxpTXpBd2dnR2lNQTBHQ1NxR1NJYjMKRFFFQkFRVUFBNElCandBd2dnR0tBb0lCZ1FDdExTaXE0dDVxTUF6eEdhOE9hczd0S0FWWFlYakJ1T2NxcDE5RApYTk1RUWZlNGt5T242eUpraTMvbEQ5dUl4T0FNWmFpa3FIaTlvWkI3Q25SVVlqL1EvU005OHpHNVV5QU9JcTBsCnIycHJVZW53ZWZlYWI1NEJHWGJjTm84L1BXOXlzM1lKZm9BZzFpbXIxcUpQb0g3OEdjL2R0eHEva1Aza0cxSGoKZllQYmtDRWhNRkxXTVRnTWxuenBNNUtIRFhvV0ExNkZ2ckorMW1SOVREOGlrZy9RblpYWUx6YVptZy9hVGhCQQo2N01tbkREUDMyTEpaeDk3bzNmck5NTFFqeG83NXJuTG4xM0gvL1hkZVk5a1RRaVNGNzZxanVqSW9nb01ZVVhSCmhscHpTRXd2VFFSMWxhL3BRczd5ZWxKbmNjQ0NPSHE1a2R3bjlCTXpNd3F5UjhkcXVBNmxiMUlFdTZLNUw0eUwKcTRuS250TXBGTmlRWnRSR3k4RjlGdFNldUxKQmZicjBHRm5FQkhraE5JUGgzVWtDZUlPL0tWc3JQM0FvNDJERwpsaE95eFNiUFhndFhBRzh5aUhNMEU1OXJ3YkdRUWJ5dHJiNFBISmtkNlNvZkhKczJNSHd2UXBjVG9acDVwcW1hCk1hakRPVXZQcEIyK1N3c0h5REZhcS9Vc2l0TUNBd0VBQWFOQ01FQXdEZ1lEVlIwUEFRSC9CQVFEQWdJRU1BOEcKQTFVZEV3RUIvd1FGTUFNQkFmOHdIUVlEVlIwT0JCWUVGQThkWXpDQ3lBOWFFUXY5NEYydHBFVGZzck12TUEwRwpDU3FHU0liM0RRRUJDd1VBQTRJQmdRQkwyU1YzU3ArNUY1OTFhZ1hYRXJEaU95dHZQU01FSWx4b0FOajhkcVM1CnZtSnh4WTQwdnFqdVdlb09uMGlOV1gvSDd5WXJKTzFCTUVzeXp5VUtzQVpWcEduSTVNSkV1SkhlTFZpRjRaS0gKcTA0b0VxTVV1U2dPNHIybzZ6UVBqeTJpMWdjOWxKYVl2NXpGQjVWdm9XMXNzT2NEL1dvQWdHN0F6OXlnbXF2eAptaDVzQUNUNDVMSHV4WTBCVjUwOG5tNVp2OG40cmlhNUc2RGVVS1daOFc2eGpoT0pIa1hGcS9qRDJJQ2RHRTR6Cjc2Z3RFYlRoYXVQWm1zbHNsSWwzdTVZNHJpUGJRQTJOcDBXSjhEL3NTT1RzWmxrT1ozbmtwTU9HMXlYdlAydnoKdTJqZzJyZ3JNNHptQVhpZTNhNDl3RWtubzFzNmZxZjRTUXlZOE1JMzQvcmw1L0lJclBJTUFRaHhIeEZxbGx0bAoyR2RGdjZFaG1DNW1EaGlXWVB3NXdPOHdlMmlyaGFJSlRYd3BnVnk5bk1Md0NZeG9pK2dqNEo5N3FJc2ZTaUlrCkhVMFFjaXkrQjViYmh3MGZaNFQ0eUtXbkJ4bkZHR2kzQlBPMUZWMXpJUDFVbkxrNytBbEo0OTlHWUppdFo3MngKTVVobGh1RjVQS1NiQ01CTndFNkdmbzA9Ci0tLS0tRU5EIENFUlRJRklDQVRFLS0tLS0K"
              }
            ],
            "master_authorized_networks_config": [],
            "master_version": "1.25.8-gke.1000",
            "mesh_certificates": [],
            "min_master_version": null,
            "monitoring_config": [
              {
                "enable_components": [
                  "SYSTEM_COMPONENTS"
                ],
                "managed_prometheus": []
              }
            ],
            "monitoring_service": "monitoring.googleapis.com/kubernetes",
            "name": "main",
            "network": "projects/spiritant/global/networks/default",
            "network_policy": [
              {
                "enabled": false,
                "provider": "PROVIDER_UNSPECIFIED"
              }
            ],
            "networking_mode": "ROUTES",
            "node_config": [],
            "node_locations": [],
            "node_pool": [],
            "node_pool_defaults": [
              {
                "node_config_defaults": [
                  {
                    "logging_variant": "DEFAULT"
                  }
                ]
              }
            ],
            "node_version": "1.25.8-gke.1000",
            "notification_config": [
              {
                "pubsub": [
                  {
                    "enabled": false,
                    "filter": [],
                    "topic": ""
                  }
                ]
              }
            ],
            "operation": null,
            "private_cluster_config": [
              {
                "enable_private_endpoint": false,
                "enable_private_nodes": false,
                "master_global_access_config": [
                  {
                    "enabled": false
                  }
                ],
                "master_ipv4_cidr_block": "",
                "peering_name": "",
                "private_endpoint": "10.128.0.7",
                "private_endpoint_subnetwork": "",
                "public_endpoint": "34.134.158.119"
              }
            ],
            "private_ipv6_google_access": "",
            "project": "spiritant",
            "release_channel": [
              {
                "channel": "REGULAR"
              }
            ],
            "remove_default_node_pool": true,
            "resource_labels": null,
            "resource_usage_export_config": [],
            "self_link": "https://container.googleapis.com/v1/projects/spiritant/zones/us-central1-c/clusters/main",
            "service_external_ips_config": [
              {
                "enabled": false
              }
            ],
            "services_ipv4_cidr": "10.3.240.0/20",
            "subnetwork": "projects/spiritant/regions/us-central1/subnetworks/default",
            "timeouts": null,
            "tpu_ipv4_cidr_block": "",
            "vertical_pod_autoscaling": [],
            "workload_identity_config": [
              {
                "workload_pool": "spiritant.svc.id.goog"
              }
            ]
          },
          "sensitive_attributes": [],
          "private": "eyJlMmJmYjczMC1lY2FhLTExZTYtOGY4OC0zNDM2M2JjN2M0YzAiOnsiY3JlYXRlIjoyNDAwMDAwMDAwMDAwLCJkZWxldGUiOjI0MDAwMDAwMDAwMDAsInJlYWQiOjI0MDAwMDAwMDAwMDAsInVwZGF0ZSI6MzYwMDAwMDAwMDAwMH0sInNjaGVtYV92ZXJzaW9uIjoiMSJ9"
        }
      ]
    },
    {
      "module": "module.gke_cluster",
      "mode": "managed",
      "type": "google_container_node_pool",
      "name": "this",
      "provider": "module.gke_cluster.provider[\"registry.terraform.io/hashicorp/google\"]",
      "instances": [
        {
          "schema_version": 1,
          "attributes": {
            "autoscaling": [],
            "cluster": "main",
            "id": "projects/spiritant/locations/us-central1-c/clusters/main/nodePools/main",
            "initial_node_count": 2,
            "instance_group_urls": [
              "https://www.googleapis.com/compute/v1/projects/spiritant/zones/us-central1-c/instanceGroupManagers/gke-main-main-a192efd1-grp"
            ],
            "location": "us-central1-c",
            "managed_instance_group_urls": [
              "https://www.googleapis.com/compute/v1/projects/spiritant/zones/us-central1-c/instanceGroups/gke-main-main-a192efd1-grp"
            ],
            "management": [
              {
                "auto_repair": true,
                "auto_upgrade": true
              }
            ],
            "max_pods_per_node": null,
            "name": "main",
            "name_prefix": "",
            "network_config": [
              {
                "create_pod_range": false,
                "enable_private_nodes": false,
                "pod_ipv4_cidr_block": "",
                "pod_range": ""
              }
            ],
            "node_config": [
              {
                "boot_disk_kms_key": "",
                "disk_size_gb": 100,
                "disk_type": "pd-balanced",
                "gcfs_config": [],
                "guest_accelerator": [],
                "gvnic": [],
                "image_type": "COS_CONTAINERD",
                "kubelet_config": [],
                "labels": {},
                "linux_node_config": [],
                "local_ssd_count": 0,
                "logging_variant": "DEFAULT",
                "machine_type": "g1-small",
                "metadata": {
                  "disable-legacy-endpoints": "true"
                },
                "min_cpu_platform": "",
                "node_group": "",
                "oauth_scopes": [
                  "https://www.googleapis.com/auth/devstorage.read_only",
                  "https://www.googleapis.com/auth/logging.write",
                  "https://www.googleapis.com/auth/monitoring",
                  "https://www.googleapis.com/auth/service.management.readonly",
                  "https://www.googleapis.com/auth/servicecontrol",
                  "https://www.googleapis.com/auth/trace.append"
                ],
                "preemptible": false,
                "reservation_affinity": [],
                "resource_labels": null,
                "service_account": "default",
                "shielded_instance_config": [
                  {
                    "enable_integrity_monitoring": true,
                    "enable_secure_boot": false
                  }
                ],
                "spot": false,
                "tags": null,
                "taint": [],
                "workload_metadata_config": [
                  {
                    "mode": "GKE_METADATA"
                  }
                ]
              }
            ],
            "node_count": 2,
            "node_locations": [
              "us-central1-c"
            ],
            "operation": null,
            "placement_policy": [],
            "project": "spiritant",
            "timeouts": null,
            "upgrade_settings": [
              {
                "blue_green_settings": [],
                "max_surge": 1,
                "max_unavailable": 0,
                "strategy": "SURGE"
              }
            ],
            "version": "1.25.8-gke.1000"
          },
          "sensitive_attributes": [],
          "private": "eyJlMmJmYjczMC1lY2FhLTExZTYtOGY4OC0zNDM2M2JjN2M0YzAiOnsiY3JlYXRlIjoxODAwMDAwMDAwMDAwLCJkZWxldGUiOjE4MDAwMDAwMDAwMDAsInVwZGF0ZSI6MTgwMDAwMDAwMDAwMH0sInNjaGVtYV92ZXJzaW9uIjoiMSJ9",
          "dependencies": [
            "module.gke_cluster.google_container_cluster.this"
          ]
        }
      ]
    },
    {
      "module": "module.gke_cluster",
      "mode": "managed",
      "type": "local_file",
      "name": "kubeconfig",
      "provider": "provider[\"registry.terraform.io/hashicorp/local\"]",
      "instances": [
        {
          "schema_version": 0,
          "attributes": {
            "content": "apiVersion: v1\nclusters:\n- cluster:\n    certificate-authority-data: LS0tLS1CRUdJTiBDRVJUSUZJQ0FURS0tLS0tCk1JSUVMVENDQXBXZ0F3SUJBZ0lSQUsvTkNUTDBnZldjNkVKMjJMN3p0STR3RFFZSktvWklodmNOQVFFTEJRQXcKTHpFdE1Dc0dBMVVFQXhNa09UUTFZekZrWW1ZdE1UaGtNUzAwWldOaUxUZzROVGd0TW1ReE16UTNNRFk1WWpNdwpNQ0FYRFRJek1EWXlNREV5TXpNMU5sb1lEekl3TlRNd05qRXlNVE16TXpVMldqQXZNUzB3S3dZRFZRUURFeVE1Ck5EVmpNV1JpWmkweE9HUXhMVFJsWTJJdE9EZzFPQzB5WkRFek5EY3dOamxpTXpBd2dnR2lNQTBHQ1NxR1NJYjMKRFFFQkFRVUFBNElCandBd2dnR0tBb0lCZ1FDdExTaXE0dDVxTUF6eEdhOE9hczd0S0FWWFlYakJ1T2NxcDE5RApYTk1RUWZlNGt5T242eUpraTMvbEQ5dUl4T0FNWmFpa3FIaTlvWkI3Q25SVVlqL1EvU005OHpHNVV5QU9JcTBsCnIycHJVZW53ZWZlYWI1NEJHWGJjTm84L1BXOXlzM1lKZm9BZzFpbXIxcUpQb0g3OEdjL2R0eHEva1Aza0cxSGoKZllQYmtDRWhNRkxXTVRnTWxuenBNNUtIRFhvV0ExNkZ2ckorMW1SOVREOGlrZy9RblpYWUx6YVptZy9hVGhCQQo2N01tbkREUDMyTEpaeDk3bzNmck5NTFFqeG83NXJuTG4xM0gvL1hkZVk5a1RRaVNGNzZxanVqSW9nb01ZVVhSCmhscHpTRXd2VFFSMWxhL3BRczd5ZWxKbmNjQ0NPSHE1a2R3bjlCTXpNd3F5UjhkcXVBNmxiMUlFdTZLNUw0eUwKcTRuS250TXBGTmlRWnRSR3k4RjlGdFNldUxKQmZicjBHRm5FQkhraE5JUGgzVWtDZUlPL0tWc3JQM0FvNDJERwpsaE95eFNiUFhndFhBRzh5aUhNMEU1OXJ3YkdRUWJ5dHJiNFBISmtkNlNvZkhKczJNSHd2UXBjVG9acDVwcW1hCk1hakRPVXZQcEIyK1N3c0h5REZhcS9Vc2l0TUNBd0VBQWFOQ01FQXdEZ1lEVlIwUEFRSC9CQVFEQWdJRU1BOEcKQTFVZEV3RUIvd1FGTUFNQkFmOHdIUVlEVlIwT0JCWUVGQThkWXpDQ3lBOWFFUXY5NEYydHBFVGZzck12TUEwRwpDU3FHU0liM0RRRUJDd1VBQTRJQmdRQkwyU1YzU3ArNUY1OTFhZ1hYRXJEaU95dHZQU01FSWx4b0FOajhkcVM1CnZtSnh4WTQwdnFqdVdlb09uMGlOV1gvSDd5WXJKTzFCTUVzeXp5VUtzQVpWcEduSTVNSkV1SkhlTFZpRjRaS0gKcTA0b0VxTVV1U2dPNHIybzZ6UVBqeTJpMWdjOWxKYVl2NXpGQjVWdm9XMXNzT2NEL1dvQWdHN0F6OXlnbXF2eAptaDVzQUNUNDVMSHV4WTBCVjUwOG5tNVp2OG40cmlhNUc2RGVVS1daOFc2eGpoT0pIa1hGcS9qRDJJQ2RHRTR6Cjc2Z3RFYlRoYXVQWm1zbHNsSWwzdTVZNHJpUGJRQTJOcDBXSjhEL3NTT1RzWmxrT1ozbmtwTU9HMXlYdlAydnoKdTJqZzJyZ3JNNHptQVhpZTNhNDl3RWtubzFzNmZxZjRTUXlZOE1JMzQvcmw1L0lJclBJTUFRaHhIeEZxbGx0bAoyR2RGdjZFaG1DNW1EaGlXWVB3NXdPOHdlMmlyaGFJSlRYd3BnVnk5bk1Md0NZeG9pK2dqNEo5N3FJc2ZTaUlrCkhVMFFjaXkrQjViYmh3MGZaNFQ0eUtXbkJ4bkZHR2kzQlBPMUZWMXpJUDFVbkxrNytBbEo0OTlHWUppdFo3MngKTVVobGh1RjVQS1NiQ01CTndFNkdmbzA9Ci0tLS0tRU5EIENFUlRJRklDQVRFLS0tLS0K\n    server: https://34.134.158.119\n  name: main\ncontexts:\n- context:\n    cluster: main\n    user: main\n  name: main\ncurrent-context: main\nkind: Config\npreferences: {}\nusers:\n- name: main\n  user:\n    token: ya29.a0AWY7CkmjTXi3179ud2qf3cyxG6x93M9UIY-L1OakLqz8b6cuGGS_5EmsDD5KaRQIyxjqj5LB9gqgHYu5lFDSqlgGIpARWCmp76p5_mOKpKYGpRnzHrxTmnt_hYYDqKVTl0DVljJwbOaaw13V4LTa2xFaAQSBKmdcj_N0NdPMYhcLuuQmyvRGjY3B6TLAc21YuhN6exNQLDFWd7I26ZwcnfiDx_lSlK3eeM7qtU4aCgYKARASARISFQG1tDrphMh3lCs-Zb_Iv20QiS_IRg0238\n",
            "content_base64": null,
            "content_base64sha256": "ExPySzkiAqsXL6S4BcLRxjcATVIocNmZLFDPuM6phcU=",
            "content_base64sha512": "FY0nHc+jAjthCTkQbL6IN49nfd/YGqON8cSaK40RDmfPdfsGJL09zwVdE0IuHPJGdTIMo5BF21XflB9+7wIBBQ==",
            "content_md5": "df74f5414294836dc7e75254b62b06ca",
            "content_sha1": "66ccc59175ce1026a2d975ef800acfd5617cc388",
            "content_sha256": "1313f24b392202ab172fa4b805c2d1c637004d522870d9992c50cfb8cea985c5",
            "content_sha512": "158d271dcfa3023b610939106cbe88378f677ddfd81aa38df1c49a2b8d110e67cf75fb0624bd3dcf055d13422e1cf24675320ca39045db55df941f7eef020105",
            "directory_permission": "0777",
            "file_permission": "0400",
            "filename": ".terraform/modules/gke_cluster/kubeconfig",
            "id": "66ccc59175ce1026a2d975ef800acfd5617cc388",
            "sensitive_content": null,
            "source": null
          },
          "sensitive_attributes": [
            [
              {
                "type": "get_attr",
                "value": "content"
              }
            ]
          ],
          "dependencies": [
            "module.gke_cluster.google_container_cluster.this",
            "module.gke_cluster.module.gke_auth.data.google_client_config.provider",
            "module.gke_cluster.module.gke_auth.data.google_container_cluster.gke_cluster"
          ]
        }
      ]
    },
    {
      "module": "module.gke_cluster.module.gke_auth",
      "mode": "data",
      "type": "google_client_config",
      "name": "provider",
      "provider": "module.gke_cluster.provider[\"registry.terraform.io/hashicorp/google\"]",
      "instances": [
        {
          "schema_version": 0,
          "attributes": {
            "access_token": "ya29.a0AWY7CkmjTXi3179ud2qf3cyxG6x93M9UIY-L1OakLqz8b6cuGGS_5EmsDD5KaRQIyxjqj5LB9gqgHYu5lFDSqlgGIpARWCmp76p5_mOKpKYGpRnzHrxTmnt_hYYDqKVTl0DVljJwbOaaw13V4LTa2xFaAQSBKmdcj_N0NdPMYhcLuuQmyvRGjY3B6TLAc21YuhN6exNQLDFWd7I26ZwcnfiDx_lSlK3eeM7qtU4aCgYKARASARISFQG1tDrphMh3lCs-Zb_Iv20QiS_IRg0238",
            "id": "projects/spiritant/regions/us-central1-c/zones/",
            "project": "spiritant",
            "region": "us-central1-c",
            "zone": ""
          },
          "sensitive_attributes": []
        }
      ]
    },
    {
      "module": "module.gke_cluster.module.gke_auth",
      "mode": "data",
      "type": "google_container_cluster",
      "name": "gke_cluster",
      "provider": "module.gke_cluster.provider[\"registry.terraform.io/hashicorp/google\"]",
      "instances": [
        {
          "schema_version": 0,
          "attributes": {
            "addons_config": [
              {
                "cloudrun_config": [],
                "config_connector_config": [],
                "dns_cache_config": [],
                "gce_persistent_disk_csi_driver_config": [
                  {
                    "enabled": true
                  }
                ],
                "gcp_filestore_csi_driver_config": [],
                "gke_backup_agent_config": [],
                "horizontal_pod_autoscaling": [],
                "http_load_balancing": [],
                "network_policy_config": [
                  {
                    "disabled": true
                  }
                ]
              }
            ],
            "authenticator_groups_config": [],
            "binary_authorization": [
              {
                "enabled": false,
                "evaluation_mode": ""
              }
            ],
            "cluster_autoscaling": [
              {
                "auto_provisioning_defaults": [],
                "enabled": false,
                "resource_limits": []
              }
            ],
            "cluster_ipv4_cidr": "10.0.0.0/14",
            "confidential_nodes": [],
            "cost_management_config": [],
            "database_encryption": [
              {
                "key_name": "",
                "state": "DECRYPTED"
              }
            ],
            "datapath_provider": "",
            "default_max_pods_per_node": null,
            "default_snat_status": [
              {
                "disabled": false
              }
            ],
            "description": "",
            "dns_config": [],
            "enable_autopilot": false,
            "enable_binary_authorization": false,
            "enable_intranode_visibility": false,
            "enable_kubernetes_alpha": false,
            "enable_l4_ilb_subsetting": false,
            "enable_legacy_abac": false,
            "enable_shielded_nodes": true,
            "enable_tpu": false,
            "endpoint": "34.134.158.119",
            "gateway_api_config": [],
            "id": "projects/spiritant/locations/us-central1-c/clusters/main",
            "initial_node_count": 2,
            "ip_allocation_policy": [],
            "label_fingerprint": "a9dc16a7",
            "location": "us-central1-c",
            "logging_config": [
              {
                "enable_components": [
                  "SYSTEM_COMPONENTS",
                  "WORKLOADS"
                ]
              }
            ],
            "logging_service": "logging.googleapis.com/kubernetes",
            "maintenance_policy": [],
            "master_auth": [
              {
                "client_certificate": "",
                "client_certificate_config": [
                  {
                    "issue_client_certificate": false
                  }
                ],
                "client_key": "",
                "cluster_ca_certificate": "LS0tLS1CRUdJTiBDRVJUSUZJQ0FURS0tLS0tCk1JSUVMVENDQXBXZ0F3SUJBZ0lSQUsvTkNUTDBnZldjNkVKMjJMN3p0STR3RFFZSktvWklodmNOQVFFTEJRQXcKTHpFdE1Dc0dBMVVFQXhNa09UUTFZekZrWW1ZdE1UaGtNUzAwWldOaUxUZzROVGd0TW1ReE16UTNNRFk1WWpNdwpNQ0FYRFRJek1EWXlNREV5TXpNMU5sb1lEekl3TlRNd05qRXlNVE16TXpVMldqQXZNUzB3S3dZRFZRUURFeVE1Ck5EVmpNV1JpWmkweE9HUXhMVFJsWTJJdE9EZzFPQzB5WkRFek5EY3dOamxpTXpBd2dnR2lNQTBHQ1NxR1NJYjMKRFFFQkFRVUFBNElCandBd2dnR0tBb0lCZ1FDdExTaXE0dDVxTUF6eEdhOE9hczd0S0FWWFlYakJ1T2NxcDE5RApYTk1RUWZlNGt5T242eUpraTMvbEQ5dUl4T0FNWmFpa3FIaTlvWkI3Q25SVVlqL1EvU005OHpHNVV5QU9JcTBsCnIycHJVZW53ZWZlYWI1NEJHWGJjTm84L1BXOXlzM1lKZm9BZzFpbXIxcUpQb0g3OEdjL2R0eHEva1Aza0cxSGoKZllQYmtDRWhNRkxXTVRnTWxuenBNNUtIRFhvV0ExNkZ2ckorMW1SOVREOGlrZy9RblpYWUx6YVptZy9hVGhCQQo2N01tbkREUDMyTEpaeDk3bzNmck5NTFFqeG83NXJuTG4xM0gvL1hkZVk5a1RRaVNGNzZxanVqSW9nb01ZVVhSCmhscHpTRXd2VFFSMWxhL3BRczd5ZWxKbmNjQ0NPSHE1a2R3bjlCTXpNd3F5UjhkcXVBNmxiMUlFdTZLNUw0eUwKcTRuS250TXBGTmlRWnRSR3k4RjlGdFNldUxKQmZicjBHRm5FQkhraE5JUGgzVWtDZUlPL0tWc3JQM0FvNDJERwpsaE95eFNiUFhndFhBRzh5aUhNMEU1OXJ3YkdRUWJ5dHJiNFBISmtkNlNvZkhKczJNSHd2UXBjVG9acDVwcW1hCk1hakRPVXZQcEIyK1N3c0h5REZhcS9Vc2l0TUNBd0VBQWFOQ01FQXdEZ1lEVlIwUEFRSC9CQVFEQWdJRU1BOEcKQTFVZEV3RUIvd1FGTUFNQkFmOHdIUVlEVlIwT0JCWUVGQThkWXpDQ3lBOWFFUXY5NEYydHBFVGZzck12TUEwRwpDU3FHU0liM0RRRUJDd1VBQTRJQmdRQkwyU1YzU3ArNUY1OTFhZ1hYRXJEaU95dHZQU01FSWx4b0FOajhkcVM1CnZtSnh4WTQwdnFqdVdlb09uMGlOV1gvSDd5WXJKTzFCTUVzeXp5VUtzQVpWcEduSTVNSkV1SkhlTFZpRjRaS0gKcTA0b0VxTVV1U2dPNHIybzZ6UVBqeTJpMWdjOWxKYVl2NXpGQjVWdm9XMXNzT2NEL1dvQWdHN0F6OXlnbXF2eAptaDVzQUNUNDVMSHV4WTBCVjUwOG5tNVp2OG40cmlhNUc2RGVVS1daOFc2eGpoT0pIa1hGcS9qRDJJQ2RHRTR6Cjc2Z3RFYlRoYXVQWm1zbHNsSWwzdTVZNHJpUGJRQTJOcDBXSjhEL3NTT1RzWmxrT1ozbmtwTU9HMXlYdlAydnoKdTJqZzJyZ3JNNHptQVhpZTNhNDl3RWtubzFzNmZxZjRTUXlZOE1JMzQvcmw1L0lJclBJTUFRaHhIeEZxbGx0bAoyR2RGdjZFaG1DNW1EaGlXWVB3NXdPOHdlMmlyaGFJSlRYd3BnVnk5bk1Md0NZeG9pK2dqNEo5N3FJc2ZTaUlrCkhVMFFjaXkrQjViYmh3MGZaNFQ0eUtXbkJ4bkZHR2kzQlBPMUZWMXpJUDFVbkxrNytBbEo0OTlHWUppdFo3MngKTVVobGh1RjVQS1NiQ01CTndFNkdmbzA9Ci0tLS0tRU5EIENFUlRJRklDQVRFLS0tLS0K"
              }
            ],
            "master_authorized_networks_config": [],
            "master_version": "1.25.8-gke.1000",
            "mesh_certificates": [],
            "min_master_version": null,
            "monitoring_config": [
              {
                "enable_components": [
                  "SYSTEM_COMPONENTS"
                ],
                "managed_prometheus": []
              }
            ],
            "monitoring_service": "monitoring.googleapis.com/kubernetes",
            "name": "main",
            "network": "projects/spiritant/global/networks/default",
            "network_policy": [
              {
                "enabled": false,
                "provider": "PROVIDER_UNSPECIFIED"
              }
            ],
            "networking_mode": "ROUTES",
            "node_config": [],
            "node_locations": [],
            "node_pool": [],
            "node_pool_defaults": [
              {
                "node_config_defaults": [
                  {
                    "logging_variant": "DEFAULT"
                  }
                ]
              }
            ],
            "node_version": "1.25.8-gke.1000",
            "notification_config": [
              {
                "pubsub": [
                  {
                    "enabled": false,
                    "filter": [],
                    "topic": ""
                  }
                ]
              }
            ],
            "operation": null,
            "private_cluster_config": [
              {
                "enable_private_endpoint": false,
                "enable_private_nodes": false,
                "master_global_access_config": [
                  {
                    "enabled": false
                  }
                ],
                "master_ipv4_cidr_block": "",
                "peering_name": "",
                "private_endpoint": "10.128.0.7",
                "private_endpoint_subnetwork": "",
                "public_endpoint": "34.134.158.119"
              }
            ],
            "private_ipv6_google_access": "",
            "project": "spiritant",
            "release_channel": [
              {
                "channel": "REGULAR"
              }
            ],
            "remove_default_node_pool": null,
            "resource_labels": {},
            "resource_usage_export_config": [],
            "self_link": "https://container.googleapis.com/v1/projects/spiritant/zones/us-central1-c/clusters/main",
            "service_external_ips_config": [
              {
                "enabled": false
              }
            ],
            "services_ipv4_cidr": "10.3.240.0/20",
            "subnetwork": "projects/spiritant/regions/us-central1/subnetworks/default",
            "tpu_ipv4_cidr_block": "",
            "vertical_pod_autoscaling": [],
            "workload_identity_config": [
              {
                "workload_pool": "spiritant.svc.id.goog"
              }
            ]
          },
          "sensitive_attributes": []
        }
      ]
    }
  ],
  "check_results": null
}
